
Microsoft Visual Studio Solution File, Format Version 12.00
# Visual Studio Version 17
VisualStudioVersion = 17.5.002.0
MinimumVisualStudioVersion = 10.0.40219.1
Project("{2150E333-8FDC-42A3-9474-1A3956D46DE8}") = "2033. Minimum Operations to Make a Uni-Value Grid", "2033. Minimum Operations to Make a Uni-Value Grid", "{A38CD6D8-AFAB-472E-8D6B-DB089503FD7D}"
EndProject
Project("{2150E333-8FDC-42A3-9474-1A3956D46DE8}") = "Solitions", "Solitions", "{3AE7D6F8-92E1-4F55-BFCB-C1864ECF88EC}"
EndProject
Project("{9A19103F-16F7-4668-BE54-9A1E7A4F7556}") = "CSharp", "2033. Minimum Operations to Make a Uni-Value Grid\Solitions\CSharp\CSharp.csproj", "{08977B93-848E-4CDC-B2AC-AF53DF93733A}"
EndProject
Global
	GlobalSection(SolutionConfigurationPlatforms) = preSolution
		Debug|Any CPU = Debug|Any CPU
		Release|Any CPU = Release|Any CPU
	EndGlobalSection
	GlobalSection(ProjectConfigurationPlatforms) = postSolution
		{08977B93-848E-4CDC-B2AC-AF53DF93733A}.Debug|Any CPU.ActiveCfg = Debug|Any CPU
		{08977B93-848E-4CDC-B2AC-AF53DF93733A}.Debug|Any CPU.Build.0 = Debug|Any CPU
		{08977B93-848E-4CDC-B2AC-AF53DF93733A}.Release|Any CPU.ActiveCfg = Release|Any CPU
		{08977B93-848E-4CDC-B2AC-AF53DF93733A}.Release|Any CPU.Build.0 = Release|Any CPU
	EndGlobalSection
	GlobalSection(SolutionProperties) = preSolution
		HideSolutionNode = FALSE
	EndGlobalSection
	GlobalSection(NestedProjects) = preSolution
		{3AE7D6F8-92E1-4F55-BFCB-C1864ECF88EC} = {A38CD6D8-AFAB-472E-8D6B-DB089503FD7D}
		{08977B93-848E-4CDC-B2AC-AF53DF93733A} = {3AE7D6F8-92E1-4F55-BFCB-C1864ECF88EC}
	EndGlobalSection
	GlobalSection(ExtensibilityGlobals) = postSolution
		SolutionGuid = {60623A2E-861F-4DB8-9D4C-B319FA0E02F7}
	EndGlobalSection
EndGlobal
